
Microsoft Visual Studio Solution File, Format Version 12.00
# Visual Studio Version 17
VisualStudioVersion = 17.8.34525.116
MinimumVisualStudioVersion = 10.0.40219.1
Project("{FAE04EC0-301F-11D3-BF4B-00C04F79EFBC}") = "Web_project01", "Web_project01\Web_project01.csproj", "{753E1042-AEF7-4B22-9BD0-10B8B854371A}"
EndProject
Global
	GlobalSection(SolutionConfigurationPlatforms) = preSolution
		Debug|Any CPU = Debug|Any CPU
		Release|Any CPU = Release|Any CPU
	EndGlobalSection
	GlobalSection(ProjectConfigurationPlatforms) = postSolution
		{753E1042-AEF7-4B22-9BD0-10B8B854371A}.Debug|Any CPU.ActiveCfg = Debug|Any CPU
		{753E1042-AEF7-4B22-9BD0-10B8B854371A}.Debug|Any CPU.Build.0 = Debug|Any CPU
		{753E1042-AEF7-4B22-9BD0-10B8B854371A}.Release|Any CPU.ActiveCfg = Release|Any CPU
		{753E1042-AEF7-4B22-9BD0-10B8B854371A}.Release|Any CPU.Build.0 = Release|Any CPU
	EndGlobalSection
	GlobalSection(SolutionProperties) = preSolution
		HideSolutionNode = FALSE
	EndGlobalSection
	GlobalSection(ExtensibilityGlobals) = postSolution
		SolutionGuid = {BD776637-48ED-4B64-B18A-8D463550F547}
	EndGlobalSection
EndGlobal
